// !$*UTF8*$!
{
	archiveVersion = 1;
	classes = {
	};
	objectVersion = 50;
	objects = {

/* Begin PBXBuildFile section */
		3BC520F5266FB18F00D7C805 /* AppDelegate.swift in Sources */ = {isa = PBXBuildFile; fileRef = 3BC520F4266FB18F00D7C805 /* AppDelegate.swift */; };
		3BC520F7266FB18F00D7C805 /* SceneDelegate.swift in Sources */ = {isa = PBXBuildFile; fileRef = 3BC520F6266FB18F00D7C805 /* SceneDelegate.swift */; };
		3BC520F9266FB18F00D7C805 /* GithubSearchViewController.swift in Sources */ = {isa = PBXBuildFile; fileRef = 3BC520F8266FB18F00D7C805 /* GithubSearchViewController.swift */; };
		3BC520FC266FB18F00D7C805 /* Main.storyboard in Resources */ = {isa = PBXBuildFile; fileRef = 3BC520FA266FB18F00D7C805 /* Main.storyboard */; };
		3BC520FE266FB19100D7C805 /* Assets.xcassets in Resources */ = {isa = PBXBuildFile; fileRef = 3BC520FD266FB19100D7C805 /* Assets.xcassets */; };
		3BC52101266FB19100D7C805 /* LaunchScreen.storyboard in Resources */ = {isa = PBXBuildFile; fileRef = 3BC520FF266FB19100D7C805 /* LaunchScreen.storyboard */; };
		3BC52109266FB4F400D7C805 /* SearchResultTableViewCell.swift in Sources */ = {isa = PBXBuildFile; fileRef = 3BC52108266FB4F400D7C805 /* SearchResultTableViewCell.swift */; };
		3BC5210B266FB54900D7C805 /* SearchResultTableViewCell.xib in Resources */ = {isa = PBXBuildFile; fileRef = 3BC5210A266FB54900D7C805 /* SearchResultTableViewCell.xib */; };
		3BC5210D266FBBC300D7C805 /* GithubSearchPresenter.swift in Sources */ = {isa = PBXBuildFile; fileRef = 3BC5210C266FBBC300D7C805 /* GithubSearchPresenter.swift */; };
		3BC52114266FBCF600D7C805 /* UITableView+CellReusable.swift in Sources */ = {isa = PBXBuildFile; fileRef = 3BC52113266FBCF600D7C805 /* UITableView+CellReusable.swift */; };
		3BC52116266FBE1100D7C805 /* Observable.swift in Sources */ = {isa = PBXBuildFile; fileRef = 3BC52115266FBE1100D7C805 /* Observable.swift */; };
		3BC52118266FBE2700D7C805 /* Disposable.swift in Sources */ = {isa = PBXBuildFile; fileRef = 3BC52117266FBE2600D7C805 /* Disposable.swift */; };
		3BC5211A266FBE3F00D7C805 /* Lock.swift in Sources */ = {isa = PBXBuildFile; fileRef = 3BC52119266FBE3F00D7C805 /* Lock.swift */; };
		3BC5211C266FC33900D7C805 /* UIViewController+URLOpenable.swift in Sources */ = {isa = PBXBuildFile; fileRef = 3BC5211B266FC33900D7C805 /* UIViewController+URLOpenable.swift */; };
		3BC5211E266FC3BD00D7C805 /* IntentTestTaskError.swift in Sources */ = {isa = PBXBuildFile; fileRef = 3BC5211D266FC3BD00D7C805 /* IntentTestTaskError.swift */; };
		3BC52120266FC42B00D7C805 /* Executor.swift in Sources */ = {isa = PBXBuildFile; fileRef = 3BC5211F266FC42B00D7C805 /* Executor.swift */; };
		3BC52122266FC44200D7C805 /* IDGen.swift in Sources */ = {isa = PBXBuildFile; fileRef = 3BC52121266FC44200D7C805 /* IDGen.swift */; };
		3BC52125266FC54C00D7C805 /* ControllerReloadable.swift in Sources */ = {isa = PBXBuildFile; fileRef = 3BC52124266FC54C00D7C805 /* ControllerReloadable.swift */; };
		3BC52127266FC60100D7C805 /* GithubSearchApiClient.swift in Sources */ = {isa = PBXBuildFile; fileRef = 3BC52126266FC60100D7C805 /* GithubSearchApiClient.swift */; };
		3BC52129266FCC1A00D7C805 /* NetworkRequestOperation.swift in Sources */ = {isa = PBXBuildFile; fileRef = 3BC52128266FCC1A00D7C805 /* NetworkRequestOperation.swift */; };
		3BC5212B266FCD7900D7C805 /* RepositoryListDecodeOperation.swift in Sources */ = {isa = PBXBuildFile; fileRef = 3BC5212A266FCD7900D7C805 /* RepositoryListDecodeOperation.swift */; };
		3BC5212D266FCDB500D7C805 /* Constants.swift in Sources */ = {isa = PBXBuildFile; fileRef = 3BC5212C266FCDB500D7C805 /* Constants.swift */; };
		3BC5212F266FDA0000D7C805 /* RepositoryListRetrievalOperation.swift in Sources */ = {isa = PBXBuildFile; fileRef = 3BC5212E266FDA0000D7C805 /* RepositoryListRetrievalOperation.swift */; };
		3BC52131266FDA7600D7C805 /* HTTPManager.swift in Sources */ = {isa = PBXBuildFile; fileRef = 3BC52130266FDA7600D7C805 /* HTTPManager.swift */; };
		3BC52133266FDBBE00D7C805 /* QueueManager.swift in Sources */ = {isa = PBXBuildFile; fileRef = 3BC52132266FDBBE00D7C805 /* QueueManager.swift */; };
		3BC521362673461F00D7C805 /* RepositoryRequest.swift in Sources */ = {isa = PBXBuildFile; fileRef = 3BC521352673461F00D7C805 /* RepositoryRequest.swift */; };
		3BC5213A26734C8400D7C805 /* GithubRepositorySearchResponsePayload.swift in Sources */ = {isa = PBXBuildFile; fileRef = 3BC5213926734C8400D7C805 /* GithubRepositorySearchResponsePayload.swift */; };
		3BC5213C26734C9500D7C805 /* GithubRepositorySearchItemResponse.swift in Sources */ = {isa = PBXBuildFile; fileRef = 3BC5213B26734C9500D7C805 /* GithubRepositorySearchItemResponse.swift */; };
		3BC5213E2673551900D7C805 /* String+BulletPoint.swift in Sources */ = {isa = PBXBuildFile; fileRef = 3BC5213D2673551900D7C805 /* String+BulletPoint.swift */; };
		3BC5214026738D5400D7C805 /* URLResponse+StatusCode.swift in Sources */ = {isa = PBXBuildFile; fileRef = 3BC5213F26738D5400D7C805 /* URLResponse+StatusCode.swift */; };
/* End PBXBuildFile section */

/* Begin PBXFileReference section */
		3BC520F1266FB18F00D7C805 /* IntentTestTask.app */ = {isa = PBXFileReference; explicitFileType = wrapper.application; includeInIndex = 0; path = IntentTestTask.app; sourceTree = BUILT_PRODUCTS_DIR; };
		3BC520F4266FB18F00D7C805 /* AppDelegate.swift */ = {isa = PBXFileReference; lastKnownFileType = sourcecode.swift; path = AppDelegate.swift; sourceTree = "<group>"; };
		3BC520F6266FB18F00D7C805 /* SceneDelegate.swift */ = {isa = PBXFileReference; lastKnownFileType = sourcecode.swift; path = SceneDelegate.swift; sourceTree = "<group>"; };
		3BC520F8266FB18F00D7C805 /* GithubSearchViewController.swift */ = {isa = PBXFileReference; lastKnownFileType = sourcecode.swift; path = GithubSearchViewController.swift; sourceTree = "<group>"; };
		3BC520FB266FB18F00D7C805 /* Base */ = {isa = PBXFileReference; lastKnownFileType = file.storyboard; name = Base; path = Base.lproj/Main.storyboard; sourceTree = "<group>"; };
		3BC520FD266FB19100D7C805 /* Assets.xcassets */ = {isa = PBXFileReference; lastKnownFileType = folder.assetcatalog; path = Assets.xcassets; sourceTree = "<group>"; };
		3BC52100266FB19100D7C805 /* Base */ = {isa = PBXFileReference; lastKnownFileType = file.storyboard; name = Base; path = Base.lproj/LaunchScreen.storyboard; sourceTree = "<group>"; };
		3BC52102266FB19100D7C805 /* Info.plist */ = {isa = PBXFileReference; lastKnownFileType = text.plist.xml; path = Info.plist; sourceTree = "<group>"; };
		3BC52108266FB4F400D7C805 /* SearchResultTableViewCell.swift */ = {isa = PBXFileReference; lastKnownFileType = sourcecode.swift; path = SearchResultTableViewCell.swift; sourceTree = "<group>"; };
		3BC5210A266FB54900D7C805 /* SearchResultTableViewCell.xib */ = {isa = PBXFileReference; lastKnownFileType = file.xib; path = SearchResultTableViewCell.xib; sourceTree = "<group>"; };
		3BC5210C266FBBC300D7C805 /* GithubSearchPresenter.swift */ = {isa = PBXFileReference; lastKnownFileType = sourcecode.swift; path = GithubSearchPresenter.swift; sourceTree = "<group>"; };
		3BC52113266FBCF600D7C805 /* UITableView+CellReusable.swift */ = {isa = PBXFileReference; lastKnownFileType = sourcecode.swift; path = "UITableView+CellReusable.swift"; sourceTree = "<group>"; };
		3BC52115266FBE1100D7C805 /* Observable.swift */ = {isa = PBXFileReference; lastKnownFileType = sourcecode.swift; path = Observable.swift; sourceTree = "<group>"; };
		3BC52117266FBE2600D7C805 /* Disposable.swift */ = {isa = PBXFileReference; lastKnownFileType = sourcecode.swift; path = Disposable.swift; sourceTree = "<group>"; };
		3BC52119266FBE3F00D7C805 /* Lock.swift */ = {isa = PBXFileReference; lastKnownFileType = sourcecode.swift; path = Lock.swift; sourceTree = "<group>"; };
		3BC5211B266FC33900D7C805 /* UIViewController+URLOpenable.swift */ = {isa = PBXFileReference; lastKnownFileType = sourcecode.swift; path = "UIViewController+URLOpenable.swift"; sourceTree = "<group>"; };
		3BC5211D266FC3BD00D7C805 /* IntentTestTaskError.swift */ = {isa = PBXFileReference; lastKnownFileType = sourcecode.swift; path = IntentTestTaskError.swift; sourceTree = "<group>"; };
		3BC5211F266FC42B00D7C805 /* Executor.swift */ = {isa = PBXFileReference; lastKnownFileType = sourcecode.swift; path = Executor.swift; sourceTree = "<group>"; };
		3BC52121266FC44200D7C805 /* IDGen.swift */ = {isa = PBXFileReference; lastKnownFileType = sourcecode.swift; path = IDGen.swift; sourceTree = "<group>"; };
		3BC52124266FC54C00D7C805 /* ControllerReloadable.swift */ = {isa = PBXFileReference; lastKnownFileType = sourcecode.swift; path = ControllerReloadable.swift; sourceTree = "<group>"; };
		3BC52126266FC60100D7C805 /* GithubSearchApiClient.swift */ = {isa = PBXFileReference; lastKnownFileType = sourcecode.swift; path = GithubSearchApiClient.swift; sourceTree = "<group>"; };
		3BC52128266FCC1A00D7C805 /* NetworkRequestOperation.swift */ = {isa = PBXFileReference; lastKnownFileType = sourcecode.swift; path = NetworkRequestOperation.swift; sourceTree = "<group>"; };
		3BC5212A266FCD7900D7C805 /* RepositoryListDecodeOperation.swift */ = {isa = PBXFileReference; lastKnownFileType = sourcecode.swift; path = RepositoryListDecodeOperation.swift; sourceTree = "<group>"; };
		3BC5212C266FCDB500D7C805 /* Constants.swift */ = {isa = PBXFileReference; lastKnownFileType = sourcecode.swift; path = Constants.swift; sourceTree = "<group>"; };
		3BC5212E266FDA0000D7C805 /* RepositoryListRetrievalOperation.swift */ = {isa = PBXFileReference; lastKnownFileType = sourcecode.swift; path = RepositoryListRetrievalOperation.swift; sourceTree = "<group>"; };
		3BC52130266FDA7600D7C805 /* HTTPManager.swift */ = {isa = PBXFileReference; lastKnownFileType = sourcecode.swift; path = HTTPManager.swift; sourceTree = "<group>"; };
		3BC52132266FDBBE00D7C805 /* QueueManager.swift */ = {isa = PBXFileReference; lastKnownFileType = sourcecode.swift; path = QueueManager.swift; sourceTree = "<group>"; };
		3BC521352673461F00D7C805 /* RepositoryRequest.swift */ = {isa = PBXFileReference; lastKnownFileType = sourcecode.swift; path = RepositoryRequest.swift; sourceTree = "<group>"; };
		3BC5213926734C8400D7C805 /* GithubRepositorySearchResponsePayload.swift */ = {isa = PBXFileReference; lastKnownFileType = sourcecode.swift; path = GithubRepositorySearchResponsePayload.swift; sourceTree = "<group>"; };
		3BC5213B26734C9500D7C805 /* GithubRepositorySearchItemResponse.swift */ = {isa = PBXFileReference; lastKnownFileType = sourcecode.swift; path = GithubRepositorySearchItemResponse.swift; sourceTree = "<group>"; };
		3BC5213D2673551900D7C805 /* String+BulletPoint.swift */ = {isa = PBXFileReference; lastKnownFileType = sourcecode.swift; path = "String+BulletPoint.swift"; sourceTree = "<group>"; };
		3BC5213F26738D5400D7C805 /* URLResponse+StatusCode.swift */ = {isa = PBXFileReference; lastKnownFileType = sourcecode.swift; path = "URLResponse+StatusCode.swift"; sourceTree = "<group>"; };
/* End PBXFileReference section */

/* Begin PBXFrameworksBuildPhase section */
		3BC520EE266FB18F00D7C805 /* Frameworks */ = {
			isa = PBXFrameworksBuildPhase;
			buildActionMask = 2147483647;
			files = (
			);
			runOnlyForDeploymentPostprocessing = 0;
		};
/* End PBXFrameworksBuildPhase section */

/* Begin PBXGroup section */
		3BC520E8266FB18F00D7C805 = {
			isa = PBXGroup;
			children = (
				3BC520F3266FB18F00D7C805 /* IntentTestTask */,
				3BC520F2266FB18F00D7C805 /* Products */,
			);
			sourceTree = "<group>";
		};
		3BC520F2266FB18F00D7C805 /* Products */ = {
			isa = PBXGroup;
			children = (
				3BC520F1266FB18F00D7C805 /* IntentTestTask.app */,
			);
			name = Products;
			sourceTree = "<group>";
		};
		3BC520F3266FB18F00D7C805 /* IntentTestTask */ = {
			isa = PBXGroup;
			children = (
				3BC520F4266FB18F00D7C805 /* AppDelegate.swift */,
				3BC520F6266FB18F00D7C805 /* SceneDelegate.swift */,
				3BC5210F266FBCC400D7C805 /* App */,
				3BC52110266FBCCA00D7C805 /* Core */,
				3BC520FD266FB19100D7C805 /* Assets.xcassets */,
				3BC520FF266FB19100D7C805 /* LaunchScreen.storyboard */,
				3BC52102266FB19100D7C805 /* Info.plist */,
			);
			path = IntentTestTask;
			sourceTree = "<group>";
		};
		3BC5210E266FBCBC00D7C805 /* Extensions */ = {
			isa = PBXGroup;
			children = (
				3BC52113266FBCF600D7C805 /* UITableView+CellReusable.swift */,
				3BC5213F26738D5400D7C805 /* URLResponse+StatusCode.swift */,
				3BC5213D2673551900D7C805 /* String+BulletPoint.swift */,
				3BC5211B266FC33900D7C805 /* UIViewController+URLOpenable.swift */,
			);
			path = Extensions;
			sourceTree = "<group>";
		};
		3BC5210F266FBCC400D7C805 /* App */ = {
			isa = PBXGroup;
			children = (
				3BC520FA266FB18F00D7C805 /* Main.storyboard */,
				3BC520F8266FB18F00D7C805 /* GithubSearchViewController.swift */,
				3BC5210C266FBBC300D7C805 /* GithubSearchPresenter.swift */,
				3BC52126266FC60100D7C805 /* GithubSearchApiClient.swift */,
			);
			path = App;
			sourceTree = "<group>";
		};
		3BC52110266FBCCA00D7C805 /* Core */ = {
			isa = PBXGroup;
			children = (
				3BC5213726734C6B00D7C805 /* Networking */,
				3BC521342673460300D7C805 /* Operations */,
				3BC52111266FBCD100D7C805 /* UI */,
				3BC5210E266FBCBC00D7C805 /* Extensions */,
				3BC52123266FC47800D7C805 /* Observable */,
				3BC52121266FC44200D7C805 /* IDGen.swift */,
				3BC52130266FDA7600D7C805 /* HTTPManager.swift */,
				3BC52124266FC54C00D7C805 /* ControllerReloadable.swift */,
				3BC521352673461F00D7C805 /* RepositoryRequest.swift */,
				3BC52132266FDBBE00D7C805 /* QueueManager.swift */,
				3BC5211F266FC42B00D7C805 /* Executor.swift */,
				3BC5211D266FC3BD00D7C805 /* IntentTestTaskError.swift */,
				3BC5212C266FCDB500D7C805 /* Constants.swift */,
			);
			path = Core;
			sourceTree = "<group>";
		};
		3BC52111266FBCD100D7C805 /* UI */ = {
			isa = PBXGroup;
			children = (
				3BC52112266FBCDD00D7C805 /* TableViewCells */,
			);
			path = UI;
			sourceTree = "<group>";
		};
		3BC52112266FBCDD00D7C805 /* TableViewCells */ = {
			isa = PBXGroup;
			children = (
				3BC52108266FB4F400D7C805 /* SearchResultTableViewCell.swift */,
				3BC5210A266FB54900D7C805 /* SearchResultTableViewCell.xib */,
			);
			path = TableViewCells;
			sourceTree = "<group>";
		};
		3BC52123266FC47800D7C805 /* Observable */ = {
			isa = PBXGroup;
			children = (
				3BC52117266FBE2600D7C805 /* Disposable.swift */,
				3BC52119266FBE3F00D7C805 /* Lock.swift */,
				3BC52115266FBE1100D7C805 /* Observable.swift */,
			);
			path = Observable;
			sourceTree = "<group>";
		};
		3BC521342673460300D7C805 /* Operations */ = {
			isa = PBXGroup;
			children = (
				3BC52128266FCC1A00D7C805 /* NetworkRequestOperation.swift */,
				3BC5212A266FCD7900D7C805 /* RepositoryListDecodeOperation.swift */,
				3BC5212E266FDA0000D7C805 /* RepositoryListRetrievalOperation.swift */,
			);
			path = Operations;
			sourceTree = "<group>";
		};
		3BC5213726734C6B00D7C805 /* Networking */ = {
			isa = PBXGroup;
			children = (
				3BC5213826734C7800D7C805 /* Models */,
			);
			path = Networking;
			sourceTree = "<group>";
		};
		3BC5213826734C7800D7C805 /* Models */ = {
			isa = PBXGroup;
			children = (
				3BC5213926734C8400D7C805 /* GithubRepositorySearchResponsePayload.swift */,
				3BC5213B26734C9500D7C805 /* GithubRepositorySearchItemResponse.swift */,
			);
			path = Models;
			sourceTree = "<group>";
		};
/* End PBXGroup section */

/* Begin PBXNativeTarget section */
		3BC520F0266FB18F00D7C805 /* IntentTestTask */ = {
			isa = PBXNativeTarget;
			buildConfigurationList = 3BC52105266FB19100D7C805 /* Build configuration list for PBXNativeTarget "IntentTestTask" */;
			buildPhases = (
				3BC520ED266FB18F00D7C805 /* Sources */,
				3BC520EE266FB18F00D7C805 /* Frameworks */,
				3BC520EF266FB18F00D7C805 /* Resources */,
			);
			buildRules = (
			);
			dependencies = (
			);
			name = IntentTestTask;
			productName = IntentTestTask;
			productReference = 3BC520F1266FB18F00D7C805 /* IntentTestTask.app */;
			productType = "com.apple.product-type.application";
		};
/* End PBXNativeTarget section */

/* Begin PBXProject section */
		3BC520E9266FB18F00D7C805 /* Project object */ = {
			isa = PBXProject;
			attributes = {
				LastSwiftUpdateCheck = 1250;
				LastUpgradeCheck = 1250;
				TargetAttributes = {
					3BC520F0266FB18F00D7C805 = {
						CreatedOnToolsVersion = 12.5;
					};
				};
			};
			buildConfigurationList = 3BC520EC266FB18F00D7C805 /* Build configuration list for PBXProject "IntentTestTask" */;
			compatibilityVersion = "Xcode 9.3";
			developmentRegion = en;
			hasScannedForEncodings = 0;
			knownRegions = (
				en,
				Base,
			);
			mainGroup = 3BC520E8266FB18F00D7C805;
			productRefGroup = 3BC520F2266FB18F00D7C805 /* Products */;
			projectDirPath = "";
			projectRoot = "";
			targets = (
				3BC520F0266FB18F00D7C805 /* IntentTestTask */,
			);
		};
/* End PBXProject section */

/* Begin PBXResourcesBuildPhase section */
		3BC520EF266FB18F00D7C805 /* Resources */ = {
			isa = PBXResourcesBuildPhase;
			buildActionMask = 2147483647;
			files = (
				3BC52101266FB19100D7C805 /* LaunchScreen.storyboard in Resources */,
				3BC520FE266FB19100D7C805 /* Assets.xcassets in Resources */,
				3BC5210B266FB54900D7C805 /* SearchResultTableViewCell.xib in Resources */,
				3BC520FC266FB18F00D7C805 /* Main.storyboard in Resources */,
			);
			runOnlyForDeploymentPostprocessing = 0;
		};
/* End PBXResourcesBuildPhase section */

/* Begin PBXSourcesBuildPhase section */
		3BC520ED266FB18F00D7C805 /* Sources */ = {
			isa = PBXSourcesBuildPhase;
			buildActionMask = 2147483647;
			files = (
				3BC52125266FC54C00D7C805 /* ControllerReloadable.swift in Sources */,
				3BC5213E2673551900D7C805 /* String+BulletPoint.swift in Sources */,
				3BC5211E266FC3BD00D7C805 /* IntentTestTaskError.swift in Sources */,
				3BC520F9266FB18F00D7C805 /* GithubSearchViewController.swift in Sources */,
				3BC52122266FC44200D7C805 /* IDGen.swift in Sources */,
				3BC5212F266FDA0000D7C805 /* RepositoryListRetrievalOperation.swift in Sources */,
				3BC521362673461F00D7C805 /* RepositoryRequest.swift in Sources */,
				3BC5213A26734C8400D7C805 /* GithubRepositorySearchResponsePayload.swift in Sources */,
				3BC52118266FBE2700D7C805 /* Disposable.swift in Sources */,
				3BC52133266FDBBE00D7C805 /* QueueManager.swift in Sources */,
				3BC520F5266FB18F00D7C805 /* AppDelegate.swift in Sources */,
				3BC52131266FDA7600D7C805 /* HTTPManager.swift in Sources */,
				3BC52120266FC42B00D7C805 /* Executor.swift in Sources */,
				3BC52127266FC60100D7C805 /* GithubSearchApiClient.swift in Sources */,
				3BC52114266FBCF600D7C805 /* UITableView+CellReusable.swift in Sources */,
				3BC5211A266FBE3F00D7C805 /* Lock.swift in Sources */,
				3BC52116266FBE1100D7C805 /* Observable.swift in Sources */,
				3BC5212B266FCD7900D7C805 /* RepositoryListDecodeOperation.swift in Sources */,
				3BC52109266FB4F400D7C805 /* SearchResultTableViewCell.swift in Sources */,
				3BC5213C26734C9500D7C805 /* GithubRepositorySearchItemResponse.swift in Sources */,
				3BC52129266FCC1A00D7C805 /* NetworkRequestOperation.swift in Sources */,
				3BC5211C266FC33900D7C805 /* UIViewController+URLOpenable.swift in Sources */,
				3BC5210D266FBBC300D7C805 /* GithubSearchPresenter.swift in Sources */,
				3BC5214026738D5400D7C805 /* URLResponse+StatusCode.swift in Sources */,
				3BC520F7266FB18F00D7C805 /* SceneDelegate.swift in Sources */,
				3BC5212D266FCDB500D7C805 /* Constants.swift in Sources */,
			);
			runOnlyForDeploymentPostprocessing = 0;
		};
/* End PBXSourcesBuildPhase section */

/* Begin PBXVariantGroup section */
		3BC520FA266FB18F00D7C805 /* Main.storyboard */ = {
			isa = PBXVariantGroup;
			children = (
				3BC520FB266FB18F00D7C805 /* Base */,
			);
			name = Main.storyboard;
			sourceTree = "<group>";
		};
		3BC520FF266FB19100D7C805 /* LaunchScreen.storyboard */ = {
			isa = PBXVariantGroup;
			children = (
				3BC52100266FB19100D7C805 /* Base */,
			);
			name = LaunchScreen.storyboard;
			sourceTree = "<group>";
		};
/* End PBXVariantGroup section */

/* Begin XCBuildConfiguration section */
		3BC52103266FB19100D7C805 /* Debug */ = {
			isa = XCBuildConfiguration;
			buildSettings = {
				ALWAYS_SEARCH_USER_PATHS = NO;
				CLANG_ANALYZER_NONNULL = YES;
				CLANG_ANALYZER_NUMBER_OBJECT_CONVERSION = YES_AGGRESSIVE;
				CLANG_CXX_LANGUAGE_STANDARD = "gnu++14";
				CLANG_CXX_LIBRARY = "libc++";
				CLANG_ENABLE_MODULES = YES;
				CLANG_ENABLE_OBJC_ARC = YES;
				CLANG_ENABLE_OBJC_WEAK = YES;
				CLANG_WARN_BLOCK_CAPTURE_AUTORELEASING = YES;
				CLANG_WARN_BOOL_CONVERSION = YES;
				CLANG_WARN_COMMA = YES;
				CLANG_WARN_CONSTANT_CONVERSION = YES;
				CLANG_WARN_DEPRECATED_OBJC_IMPLEMENTATIONS = YES;
				CLANG_WARN_DIRECT_OBJC_ISA_USAGE = YES_ERROR;
				CLANG_WARN_DOCUMENTATION_COMMENTS = YES;
				CLANG_WARN_EMPTY_BODY = YES;
				CLANG_WARN_ENUM_CONVERSION = YES;
				CLANG_WARN_INFINITE_RECURSION = YES;
				CLANG_WARN_INT_CONVERSION = YES;
				CLANG_WARN_NON_LITERAL_NULL_CONVERSION = YES;
				CLANG_WARN_OBJC_IMPLICIT_RETAIN_SELF = YES;
				CLANG_WARN_OBJC_LITERAL_CONVERSION = YES;
				CLANG_WARN_OBJC_ROOT_CLASS = YES_ERROR;
				CLANG_WARN_QUOTED_INCLUDE_IN_FRAMEWORK_HEADER = YES;
				CLANG_WARN_RANGE_LOOP_ANALYSIS = YES;
				CLANG_WARN_STRICT_PROTOTYPES = YES;
				CLANG_WARN_SUSPICIOUS_MOVE = YES;
				CLANG_WARN_UNGUARDED_AVAILABILITY = YES_AGGRESSIVE;
				CLANG_WARN_UNREACHABLE_CODE = YES;
				CLANG_WARN__DUPLICATE_METHOD_MATCH = YES;
				COPY_PHASE_STRIP = NO;
				DEBUG_INFORMATION_FORMAT = dwarf;
				ENABLE_STRICT_OBJC_MSGSEND = YES;
				ENABLE_TESTABILITY = YES;
				GCC_C_LANGUAGE_STANDARD = gnu11;
				GCC_DYNAMIC_NO_PIC = NO;
				GCC_NO_COMMON_BLOCKS = YES;
				GCC_OPTIMIZATION_LEVEL = 0;
				GCC_PREPROCESSOR_DEFINITIONS = (
					"DEBUG=1",
					"$(inherited)",
				);
				GCC_WARN_64_TO_32_BIT_CONVERSION = YES;
				GCC_WARN_ABOUT_RETURN_TYPE = YES_ERROR;
				GCC_WARN_UNDECLARED_SELECTOR = YES;
				GCC_WARN_UNINITIALIZED_AUTOS = YES_AGGRESSIVE;
				GCC_WARN_UNUSED_FUNCTION = YES;
				GCC_WARN_UNUSED_VARIABLE = YES;
				IPHONEOS_DEPLOYMENT_TARGET = 14.5;
				MTL_ENABLE_DEBUG_INFO = INCLUDE_SOURCE;
				MTL_FAST_MATH = YES;
				ONLY_ACTIVE_ARCH = YES;
				SDKROOT = iphoneos;
				SWIFT_ACTIVE_COMPILATION_CONDITIONS = DEBUG;
				SWIFT_OPTIMIZATION_LEVEL = "-Onone";
			};
			name = Debug;
		};
		3BC52104266FB19100D7C805 /* Release */ = {
			isa = XCBuildConfiguration;
			buildSettings = {
				ALWAYS_SEARCH_USER_PATHS = NO;
				CLANG_ANALYZER_NONNULL = YES;
				CLANG_ANALYZER_NUMBER_OBJECT_CONVERSION = YES_AGGRESSIVE;
				CLANG_CXX_LANGUAGE_STANDARD = "gnu++14";
				CLANG_CXX_LIBRARY = "libc++";
				CLANG_ENABLE_MODULES = YES;
				CLANG_ENABLE_OBJC_ARC = YES;
				CLANG_ENABLE_OBJC_WEAK = YES;
				CLANG_WARN_BLOCK_CAPTURE_AUTORELEASING = YES;
				CLANG_WARN_BOOL_CONVERSION = YES;
				CLANG_WARN_COMMA = YES;
				CLANG_WARN_CONSTANT_CONVERSION = YES;
				CLANG_WARN_DEPRECATED_OBJC_IMPLEMENTATIONS = YES;
				CLANG_WARN_DIRECT_OBJC_ISA_USAGE = YES_ERROR;
				CLANG_WARN_DOCUMENTATION_COMMENTS = YES;
				CLANG_WARN_EMPTY_BODY = YES;
				CLANG_WARN_ENUM_CONVERSION = YES;
				CLANG_WARN_INFINITE_RECURSION = YES;
				CLANG_WARN_INT_CONVERSION = YES;
				CLANG_WARN_NON_LITERAL_NULL_CONVERSION = YES;
				CLANG_WARN_OBJC_IMPLICIT_RETAIN_SELF = YES;
				CLANG_WARN_OBJC_LITERAL_CONVERSION = YES;
				CLANG_WARN_OBJC_ROOT_CLASS = YES_ERROR;
				CLANG_WARN_QUOTED_INCLUDE_IN_FRAMEWORK_HEADER = YES;
				CLANG_WARN_RANGE_LOOP_ANALYSIS = YES;
				CLANG_WARN_STRICT_PROTOTYPES = YES;
				CLANG_WARN_SUSPICIOUS_MOVE = YES;
				CLANG_WARN_UNGUARDED_AVAILABILITY = YES_AGGRESSIVE;
				CLANG_WARN_UNREACHABLE_CODE = YES;
				CLANG_WARN__DUPLICATE_METHOD_MATCH = YES;
				COPY_PHASE_STRIP = NO;
				DEBUG_INFORMATION_FORMAT = "dwarf-with-dsym";
				ENABLE_NS_ASSERTIONS = NO;
				ENABLE_STRICT_OBJC_MSGSEND = YES;
				GCC_C_LANGUAGE_STANDARD = gnu11;
				GCC_NO_COMMON_BLOCKS = YES;
				GCC_WARN_64_TO_32_BIT_CONVERSION = YES;
				GCC_WARN_ABOUT_RETURN_TYPE = YES_ERROR;
				GCC_WARN_UNDECLARED_SELECTOR = YES;
				GCC_WARN_UNINITIALIZED_AUTOS = YES_AGGRESSIVE;
				GCC_WARN_UNUSED_FUNCTION = YES;
				GCC_WARN_UNUSED_VARIABLE = YES;
				IPHONEOS_DEPLOYMENT_TARGET = 14.5;
				MTL_ENABLE_DEBUG_INFO = NO;
				MTL_FAST_MATH = YES;
				SDKROOT = iphoneos;
				SWIFT_COMPILATION_MODE = wholemodule;
				SWIFT_OPTIMIZATION_LEVEL = "-O";
				VALIDATE_PRODUCT = YES;
			};
			name = Release;
		};
		3BC52106266FB19100D7C805 /* Debug */ = {
			isa = XCBuildConfiguration;
			buildSettings = {
				ASSETCATALOG_COMPILER_APPICON_NAME = AppIcon;
				ASSETCATALOG_COMPILER_GLOBAL_ACCENT_COLOR_NAME = AccentColor;
				CODE_SIGN_STYLE = Automatic;
				DEVELOPMENT_TEAM = 3PX6RR23T8;
				INFOPLIST_FILE = IntentTestTask/Info.plist;
				LD_RUNPATH_SEARCH_PATHS = (
					"$(inherited)",
					"@executable_path/Frameworks",
				);
				PRODUCT_BUNDLE_IDENTIFIER = com.binariks.IntentTestTask;
				PRODUCT_NAME = "$(TARGET_NAME)";
				SWIFT_VERSION = 5.0;
				TARGETED_DEVICE_FAMILY = 1;
			};
			name = Debug;
		};
		3BC52107266FB19100D7C805 /* Release */ = {
			isa = XCBuildConfiguration;
			buildSettings = {
				ASSETCATALOG_COMPILER_APPICON_NAME = AppIcon;
				ASSETCATALOG_COMPILER_GLOBAL_ACCENT_COLOR_NAME = AccentColor;
				CODE_SIGN_STYLE = Automatic;
				DEVELOPMENT_TEAM = 3PX6RR23T8;
				INFOPLIST_FILE = IntentTestTask/Info.plist;
				LD_RUNPATH_SEARCH_PATHS = (
					"$(inherited)",
					"@executable_path/Frameworks",
				);
				PRODUCT_BUNDLE_IDENTIFIER = com.binariks.IntentTestTask;
				PRODUCT_NAME = "$(TARGET_NAME)";
				SWIFT_VERSION = 5.0;
				TARGETED_DEVICE_FAMILY = 1;
			};
			name = Release;
		};
/* End XCBuildConfiguration section */

/* Begin XCConfigurationList section */
		3BC520EC266FB18F00D7C805 /* Build configuration list for PBXProject "IntentTestTask" */ = {
			isa = XCConfigurationList;
			buildConfigurations = (
				3BC52103266FB19100D7C805 /* Debug */,
				3BC52104266FB19100D7C805 /* Release */,
			);
			defaultConfigurationIsVisible = 0;
			defaultConfigurationName = Release;
		};
		3BC52105266FB19100D7C805 /* Build configuration list for PBXNativeTarget "IntentTestTask" */ = {
			isa = XCConfigurationList;
			buildConfigurations = (
				3BC52106266FB19100D7C805 /* Debug */,
				3BC52107266FB19100D7C805 /* Release */,
			);
			defaultConfigurationIsVisible = 0;
			defaultConfigurationName = Release;
		};
/* End XCConfigurationList section */
	};
	rootObject = 3BC520E9266FB18F00D7C805 /* Project object */;
}
